
Microsoft Visual Studio Solution File, Format Version 12.00
# Visual Studio Version 16
VisualStudioVersion = 16.0.29509.3
MinimumVisualStudioVersion = 10.0.40219.1
Project("{FAE04EC0-301F-11D3-BF4B-00C04F79EFBC}") = "HR_saveThePrisoner", "HR_saveThePrisoner.csproj", "{6151A7A7-44B2-4915-A0F6-E1C0885F2578}"
EndProject
Global
	GlobalSection(SolutionConfigurationPlatforms) = preSolution
		Debug|Any CPU = Debug|Any CPU
		Release|Any CPU = Release|Any CPU
	EndGlobalSection
	GlobalSection(ProjectConfigurationPlatforms) = postSolution
		{6151A7A7-44B2-4915-A0F6-E1C0885F2578}.Debug|Any CPU.ActiveCfg = Debug|Any CPU
		{6151A7A7-44B2-4915-A0F6-E1C0885F2578}.Debug|Any CPU.Build.0 = Debug|Any CPU
		{6151A7A7-44B2-4915-A0F6-E1C0885F2578}.Release|Any CPU.ActiveCfg = Release|Any CPU
		{6151A7A7-44B2-4915-A0F6-E1C0885F2578}.Release|Any CPU.Build.0 = Release|Any CPU
	EndGlobalSection
	GlobalSection(SolutionProperties) = preSolution
		HideSolutionNode = FALSE
	EndGlobalSection
	GlobalSection(ExtensibilityGlobals) = postSolution
		SolutionGuid = {4C93CF6F-F526-4885-B733-D3AA13FF1E56}
	EndGlobalSection
EndGlobal
